
Microsoft Visual Studio Solution File, Format Version 12.00
# Visual Studio Version 16
VisualStudioVersion = 16.0.29806.167
MinimumVisualStudioVersion = 10.0.40219.1
Project("{9A19103F-16F7-4668-BE54-9A1E7A4F7556}") = "DesktopApp", "DesktopApp\DesktopApp.csproj", "{EFE1CAB6-C3A8-4C58-9CAC-AA4B198A59DE}"
EndProject
Project("{9A19103F-16F7-4668-BE54-9A1E7A4F7556}") = "FaceLibrary", "FaceLibrary\FaceLibrary.csproj", "{7AEA43F8-FFE2-4E1F-9230-8F7D47CCD5BE}"
EndProject
Global
	GlobalSection(SolutionConfigurationPlatforms) = preSolution
		Debug|Any CPU = Debug|Any CPU
		Release|Any CPU = Release|Any CPU
	EndGlobalSection
	GlobalSection(ProjectConfigurationPlatforms) = postSolution
		{EFE1CAB6-C3A8-4C58-9CAC-AA4B198A59DE}.Debug|Any CPU.ActiveCfg = Debug|Any CPU
		{EFE1CAB6-C3A8-4C58-9CAC-AA4B198A59DE}.Debug|Any CPU.Build.0 = Debug|Any CPU
		{EFE1CAB6-C3A8-4C58-9CAC-AA4B198A59DE}.Release|Any CPU.ActiveCfg = Release|Any CPU
		{EFE1CAB6-C3A8-4C58-9CAC-AA4B198A59DE}.Release|Any CPU.Build.0 = Release|Any CPU
		{7AEA43F8-FFE2-4E1F-9230-8F7D47CCD5BE}.Debug|Any CPU.ActiveCfg = Debug|Any CPU
		{7AEA43F8-FFE2-4E1F-9230-8F7D47CCD5BE}.Debug|Any CPU.Build.0 = Debug|Any CPU
		{7AEA43F8-FFE2-4E1F-9230-8F7D47CCD5BE}.Release|Any CPU.ActiveCfg = Release|Any CPU
		{7AEA43F8-FFE2-4E1F-9230-8F7D47CCD5BE}.Release|Any CPU.Build.0 = Release|Any CPU
	EndGlobalSection
	GlobalSection(SolutionProperties) = preSolution
		HideSolutionNode = FALSE
	EndGlobalSection
	GlobalSection(ExtensibilityGlobals) = postSolution
		SolutionGuid = {E1494071-052E-4D1A-B522-8CB7BD35C58E}
	EndGlobalSection
EndGlobal
